// !$*UTF8*$!
{
	archiveVersion = 1;
	classes = {
	};
	objectVersion = 50;
	objects = {

/* Begin PBXBuildFile section */
		0B083D06CD467C59C591F7B4 /* Pods_TechMartFinal.framework in Frameworks */ = {isa = PBXBuildFile; fileRef = E30627B4A6842772DB2D9D30 /* Pods_TechMartFinal.framework */; };
		C918E0772134D5D600F68F05 /* HomePageViewController.swift in Sources */ = {isa = PBXBuildFile; fileRef = C918E0762134D5D600F68F05 /* HomePageViewController.swift */; };
		C918E0792134D9DD00F68F05 /* HomePageViewModel.swift in Sources */ = {isa = PBXBuildFile; fileRef = C918E0782134D9DC00F68F05 /* HomePageViewModel.swift */; };
		C918E07B2134DF9C00F68F05 /* HomePageNavigator.swift in Sources */ = {isa = PBXBuildFile; fileRef = C918E07A2134DF9C00F68F05 /* HomePageNavigator.swift */; };
		C918E07D2134DFAA00F68F05 /* HomePageUseCase.swift in Sources */ = {isa = PBXBuildFile; fileRef = C918E07C2134DFAA00F68F05 /* HomePageUseCase.swift */; };
		FE752EF4212D389C0082B096 /* AppDelegate.swift in Sources */ = {isa = PBXBuildFile; fileRef = FE752EF3212D389C0082B096 /* AppDelegate.swift */; };
		FE752EFC212D389C0082B096 /* TechMartFinal.xcdatamodeld in Sources */ = {isa = PBXBuildFile; fileRef = FE752EFA212D389C0082B096 /* TechMartFinal.xcdatamodeld */; };
		FE752EFE212D389F0082B096 /* Assets.xcassets in Resources */ = {isa = PBXBuildFile; fileRef = FE752EFD212D389F0082B096 /* Assets.xcassets */; };
		FE752F0F212D3AFF0082B096 /* ViewModelType+Loadmore.swift in Sources */ = {isa = PBXBuildFile; fileRef = FE752F0A212D3AFE0082B096 /* ViewModelType+Loadmore.swift */; };
		FE752F10212D3AFF0082B096 /* BindableType.swift in Sources */ = {isa = PBXBuildFile; fileRef = FE752F0B212D3AFE0082B096 /* BindableType.swift */; };
		FE752F11212D3AFF0082B096 /* ActivityIndicator.swift in Sources */ = {isa = PBXBuildFile; fileRef = FE752F0C212D3AFE0082B096 /* ActivityIndicator.swift */; };
		FE752F12212D3AFF0082B096 /* ViewModelType.swift in Sources */ = {isa = PBXBuildFile; fileRef = FE752F0D212D3AFF0082B096 /* ViewModelType.swift */; };
		FE752F13212D3AFF0082B096 /* ErrorTracker.swift in Sources */ = {isa = PBXBuildFile; fileRef = FE752F0E212D3AFF0082B096 /* ErrorTracker.swift */; };
		FE752F16212D3B120082B096 /* UIViewController+Debug.swift in Sources */ = {isa = PBXBuildFile; fileRef = FE752F15212D3B120082B096 /* UIViewController+Debug.swift */; };
		FE752F1D212D3B420082B096 /* RefreshTableView.swift in Sources */ = {isa = PBXBuildFile; fileRef = FE752F18212D3B400082B096 /* RefreshTableView.swift */; };
		FE752F1E212D3B420082B096 /* LoadMoreCollectionView.swift in Sources */ = {isa = PBXBuildFile; fileRef = FE752F19212D3B410082B096 /* LoadMoreCollectionView.swift */; };
		FE752F1F212D3B420082B096 /* RefreshAutoFooter.swift in Sources */ = {isa = PBXBuildFile; fileRef = FE752F1A212D3B410082B096 /* RefreshAutoFooter.swift */; };
		FE752F20212D3B420082B096 /* LoadMoreTableView.swift in Sources */ = {isa = PBXBuildFile; fileRef = FE752F1B212D3B410082B096 /* LoadMoreTableView.swift */; };
		FE752F21212D3B420082B096 /* RefreshAutoHeader.swift in Sources */ = {isa = PBXBuildFile; fileRef = FE752F1C212D3B420082B096 /* RefreshAutoHeader.swift */; };
		FE752F28212D3B780082B096 /* APIErrorBase.swift in Sources */ = {isa = PBXBuildFile; fileRef = FE752F24212D3B770082B096 /* APIErrorBase.swift */; };
		FE752F29212D3B780082B096 /* APIOutputBase.swift in Sources */ = {isa = PBXBuildFile; fileRef = FE752F25212D3B780082B096 /* APIOutputBase.swift */; };
		FE752F2A212D3B780082B096 /* APIInputBase.swift in Sources */ = {isa = PBXBuildFile; fileRef = FE752F26212D3B780082B096 /* APIInputBase.swift */; };
		FE752F2B212D3B780082B096 /* APIServiceBase.swift in Sources */ = {isa = PBXBuildFile; fileRef = FE752F27212D3B780082B096 /* APIServiceBase.swift */; };
		FE752F30212D3B8D0082B096 /* RxAlamofire+Multipart.swift in Sources */ = {isa = PBXBuildFile; fileRef = FE752F2D212D3B8C0082B096 /* RxAlamofire+Multipart.swift */; };
		FE752F31212D3B8D0082B096 /* String+Base64.swift in Sources */ = {isa = PBXBuildFile; fileRef = FE752F2E212D3B8C0082B096 /* String+Base64.swift */; };
		FE752F32212D3B8D0082B096 /* CacheManager.swift in Sources */ = {isa = PBXBuildFile; fileRef = FE752F2F212D3B8D0082B096 /* CacheManager.swift */; };
		FE752F34212D3B9C0082B096 /* Utils.swift in Sources */ = {isa = PBXBuildFile; fileRef = FE752F33212D3B9C0082B096 /* Utils.swift */; };
		FE752F39212D3BB70082B096 /* HasID.swift in Sources */ = {isa = PBXBuildFile; fileRef = FE752F37212D3BB60082B096 /* HasID.swift */; };
		FE752F3A212D3BB70082B096 /* Page.swift in Sources */ = {isa = PBXBuildFile; fileRef = FE752F38212D3BB70082B096 /* Page.swift */; };
		FE752F3D212D3BC70082B096 /* Observable+.swift in Sources */ = {isa = PBXBuildFile; fileRef = FE752F3C212D3BC70082B096 /* Observable+.swift */; };
		FE752F41212D3BF60082B096 /* ValidationError.swift in Sources */ = {isa = PBXBuildFile; fileRef = FE752F40212D3BF60082B096 /* ValidationError.swift */; };
		FE752F49212D3C0B0082B096 /* APIOutput.swift in Sources */ = {isa = PBXBuildFile; fileRef = FE752F43212D3C0A0082B096 /* APIOutput.swift */; };
		FE752F4A212D3C0B0082B096 /* APIUrls.swift in Sources */ = {isa = PBXBuildFile; fileRef = FE752F44212D3C0A0082B096 /* APIUrls.swift */; };
		FE752F4B212D3C0B0082B096 /* APIError.swift in Sources */ = {isa = PBXBuildFile; fileRef = FE752F45212D3C0A0082B096 /* APIError.swift */; };
		FE752F4C212D3C0B0082B096 /* APIService.swift in Sources */ = {isa = PBXBuildFile; fileRef = FE752F46212D3C0B0082B096 /* APIService.swift */; };
		FE752F4D212D3C0B0082B096 /* APIInput.swift in Sources */ = {isa = PBXBuildFile; fileRef = FE752F47212D3C0B0082B096 /* APIInput.swift */; };
		FE752F53212D3C940082B096 /* UIViewController+.swift in Sources */ = {isa = PBXBuildFile; fileRef = FE752F51212D3C940082B096 /* UIViewController+.swift */; };
		FE752F54212D3C940082B096 /* UIViewController+Rx.swift in Sources */ = {isa = PBXBuildFile; fileRef = FE752F52212D3C940082B096 /* UIViewController+Rx.swift */; };
		FE752F66212D41AB0082B096 /* LaunchScreen.storyboard in Resources */ = {isa = PBXBuildFile; fileRef = FE752F68212D41AB0082B096 /* LaunchScreen.storyboard */; };
		FE752F6C212D420F0082B096 /* Login.storyboard in Resources */ = {isa = PBXBuildFile; fileRef = FE752F6E212D420F0082B096 /* Login.storyboard */; };
		FE752F72212D42440082B096 /* Localizable.strings in Resources */ = {isa = PBXBuildFile; fileRef = FE752F74212D42440082B096 /* Localizable.strings */; };
		FE752F79212D42B40082B096 /* AppUseCase.swift in Sources */ = {isa = PBXBuildFile; fileRef = FE752F76212D42B30082B096 /* AppUseCase.swift */; };
		FE752F7A212D42B40082B096 /* AppNavigator.swift in Sources */ = {isa = PBXBuildFile; fileRef = FE752F77212D42B30082B096 /* AppNavigator.swift */; };
		FE752F7B212D42B40082B096 /* AppViewModel.swift in Sources */ = {isa = PBXBuildFile; fileRef = FE752F78212D42B40082B096 /* AppViewModel.swift */; };
		FE752F7E212D43810082B096 /* Storyboads.swift in Sources */ = {isa = PBXBuildFile; fileRef = FE752F7D212D43810082B096 /* Storyboads.swift */; };
		FE752F81212D460F0082B096 /* LoginViewController.swift in Sources */ = {isa = PBXBuildFile; fileRef = FE752F80212D460F0082B096 /* LoginViewController.swift */; };
		FE752F83212D49A50082B096 /* LoginViewModel.swift in Sources */ = {isa = PBXBuildFile; fileRef = FE752F82212D49A50082B096 /* LoginViewModel.swift */; };
		FE752F85212D4ACA0082B096 /* LoginUseCase.swift in Sources */ = {isa = PBXBuildFile; fileRef = FE752F84212D4ACA0082B096 /* LoginUseCase.swift */; };
		FE752F87212D4AE40082B096 /* LoginNavigator.swift in Sources */ = {isa = PBXBuildFile; fileRef = FE752F86212D4AE40082B096 /* LoginNavigator.swift */; };
		FE752F89212D63DA0082B096 /* String+.swift in Sources */ = {isa = PBXBuildFile; fileRef = FE752F88212D63DA0082B096 /* String+.swift */; };
		FE752F8C212D67430082B096 /* SignUpViewController.xib in Resources */ = {isa = PBXBuildFile; fileRef = FE752F8E212D67430082B096 /* SignUpViewController.xib */; };
		FE752F92212D67610082B096 /* SignUpViewModel.swift in Sources */ = {isa = PBXBuildFile; fileRef = FE752F91212D67610082B096 /* SignUpViewModel.swift */; };
		FE752F94212D676B0082B096 /* SignUpNavigator.swift in Sources */ = {isa = PBXBuildFile; fileRef = FE752F93212D676B0082B096 /* SignUpNavigator.swift */; };
		FE752F96212D67A40082B096 /* SignUpUseCase.swift in Sources */ = {isa = PBXBuildFile; fileRef = FE752F95212D67A40082B096 /* SignUpUseCase.swift */; };
		FE752F98212D67AE0082B096 /* SignUpViewController.swift in Sources */ = {isa = PBXBuildFile; fileRef = FE752F97212D67AE0082B096 /* SignUpViewController.swift */; };
		FE752FA1212DBA880082B096 /* ForgotPasswordViewController.swift in Sources */ = {isa = PBXBuildFile; fileRef = FE752FA0212DBA880082B096 /* ForgotPasswordViewController.swift */; };
		FE752FA3212DBAA40082B096 /* ForgotPasswordViewModel.swift in Sources */ = {isa = PBXBuildFile; fileRef = FE752FA2212DBAA40082B096 /* ForgotPasswordViewModel.swift */; };
		FE752FA5212DBB210082B096 /* ForgotPasswordUseCase.swift in Sources */ = {isa = PBXBuildFile; fileRef = FE752FA4212DBB210082B096 /* ForgotPasswordUseCase.swift */; };
		FE752FA7212DBB300082B096 /* ForgotPasswordNavigator.swift in Sources */ = {isa = PBXBuildFile; fileRef = FE752FA6212DBB300082B096 /* ForgotPasswordNavigator.swift */; };
		FE752FAA212DBFBC0082B096 /* ForgotPasswordViewController.xib in Resources */ = {isa = PBXBuildFile; fileRef = FE752FAC212DBFBC0082B096 /* ForgotPasswordViewController.xib */; };
		FEECD013212E3FF400421577 /* UIView+.swift in Sources */ = {isa = PBXBuildFile; fileRef = FEECD012212E3FF400421577 /* UIView+.swift */; };
		FEECD016212E404200421577 /* Constants.swift in Sources */ = {isa = PBXBuildFile; fileRef = FEECD015212E404200421577 /* Constants.swift */; };
		FEECD018212E407C00421577 /* ColorConstant.swift in Sources */ = {isa = PBXBuildFile; fileRef = FEECD017212E407C00421577 /* ColorConstant.swift */; };
		FEECD01A212E409700421577 /* TimeUtils.swift in Sources */ = {isa = PBXBuildFile; fileRef = FEECD019212E409700421577 /* TimeUtils.swift */; };
		FEECD02F212E40F900421577 /* Enumerable.swift in Sources */ = {isa = PBXBuildFile; fileRef = FEECD01B212E40F300421577 /* Enumerable.swift */; };
		FEECD030212E40F900421577 /* UIStoryboard.swift in Sources */ = {isa = PBXBuildFile; fileRef = FEECD01C212E40F400421577 /* UIStoryboard.swift */; };
		FEECD031212E40F900421577 /* UIApplication.swift in Sources */ = {isa = PBXBuildFile; fileRef = FEECD01D212E40F400421577 /* UIApplication.swift */; };
		FEECD032212E40F900421577 /* UIBarButtonItem.swift in Sources */ = {isa = PBXBuildFile; fileRef = FEECD01E212E40F400421577 /* UIBarButtonItem.swift */; };
		FEECD033212E40F900421577 /* Color.swift in Sources */ = {isa = PBXBuildFile; fileRef = FEECD01F212E40F500421577 /* Color.swift */; };
		FEECD034212E40F900421577 /* NSObject.swift in Sources */ = {isa = PBXBuildFile; fileRef = FEECD020212E40F500421577 /* NSObject.swift */; };
		FEECD035212E40F900421577 /* UITableView.swift in Sources */ = {isa = PBXBuildFile; fileRef = FEECD021212E40F500421577 /* UITableView.swift */; };
		FEECD036212E40F900421577 /* UICollectionView.swift in Sources */ = {isa = PBXBuildFile; fileRef = FEECD022212E40F500421577 /* UICollectionView.swift */; };
		FEECD037212E40F900421577 /* UIButton.swift in Sources */ = {isa = PBXBuildFile; fileRef = FEECD023212E40F600421577 /* UIButton.swift */; };
		FEECD038212E40F900421577 /* UIImage.swift in Sources */ = {isa = PBXBuildFile; fileRef = FEECD024212E40F600421577 /* UIImage.swift */; };
		FEECD039212E40F900421577 /* CAShapeLayer.swift in Sources */ = {isa = PBXBuildFile; fileRef = FEECD025212E40F600421577 /* CAShapeLayer.swift */; };
		FEECD03A212E40F900421577 /* Array.swift in Sources */ = {isa = PBXBuildFile; fileRef = FEECD026212E40F700421577 /* Array.swift */; };
		FEECD03B212E40F900421577 /* UIImageView.swift in Sources */ = {isa = PBXBuildFile; fileRef = FEECD027212E40F700421577 /* UIImageView.swift */; };
		FEECD03C212E40F900421577 /* UITextField.swift in Sources */ = {isa = PBXBuildFile; fileRef = FEECD028212E40F700421577 /* UITextField.swift */; };
		FEECD03D212E40F900421577 /* UITextView.swift in Sources */ = {isa = PBXBuildFile; fileRef = FEECD029212E40F700421577 /* UITextView.swift */; };
		FEECD03E212E40F900421577 /* Float.swift in Sources */ = {isa = PBXBuildFile; fileRef = FEECD02A212E40F800421577 /* Float.swift */; };
		FEECD03F212E40F900421577 /* UILabel.swift in Sources */ = {isa = PBXBuildFile; fileRef = FEECD02B212E40F800421577 /* UILabel.swift */; };
		FEECD041212E40F900421577 /* UIViewControllerExtendsion.swift in Sources */ = {isa = PBXBuildFile; fileRef = FEECD02D212E40F800421577 /* UIViewControllerExtendsion.swift */; };
		FEECD042212E40F900421577 /* URLRequest.swift in Sources */ = {isa = PBXBuildFile; fileRef = FEECD02E212E40F900421577 /* URLRequest.swift */; };
		FEECD044212E413800421577 /* FontConstant.swift in Sources */ = {isa = PBXBuildFile; fileRef = FEECD043212E413800421577 /* FontConstant.swift */; };
		FEECD047212E539B00421577 /* ProfileViewController.xib in Resources */ = {isa = PBXBuildFile; fileRef = FEECD049212E539B00421577 /* ProfileViewController.xib */; };
		FEECD04C212E55B200421577 /* ProfileViewModel.swift in Sources */ = {isa = PBXBuildFile; fileRef = FEECD04B212E55B200421577 /* ProfileViewModel.swift */; };
		FEECD04E212E55BB00421577 /* ProfileUseCase.swift in Sources */ = {isa = PBXBuildFile; fileRef = FEECD04D212E55BB00421577 /* ProfileUseCase.swift */; };
		FEECD050212E55CD00421577 /* ProfileNavigator.swift in Sources */ = {isa = PBXBuildFile; fileRef = FEECD04F212E55CD00421577 /* ProfileNavigator.swift */; };
		FEECD052212E561E00421577 /* ProfileViewController.swift in Sources */ = {isa = PBXBuildFile; fileRef = FEECD051212E561E00421577 /* ProfileViewController.swift */; };
		FEECD056212E885F00421577 /* Home.storyboard in Resources */ = {isa = PBXBuildFile; fileRef = FEECD058212E885F00421577 /* Home.storyboard */; };
		FEECD05B212E88D700421577 /* HomeViewController.swift in Sources */ = {isa = PBXBuildFile; fileRef = FEECD05A212E88D700421577 /* HomeViewController.swift */; };
		FEECD05D212E897400421577 /* HomeViewModel.swift in Sources */ = {isa = PBXBuildFile; fileRef = FEECD05C212E897400421577 /* HomeViewModel.swift */; };
		FEECD05F212E897F00421577 /* HomeUseCase.swift in Sources */ = {isa = PBXBuildFile; fileRef = FEECD05E212E897F00421577 /* HomeUseCase.swift */; };
		FEECD061212E899B00421577 /* HomeNavigator.swift in Sources */ = {isa = PBXBuildFile; fileRef = FEECD060212E899B00421577 /* HomeNavigator.swift */; };
/* End PBXBuildFile section */

/* Begin PBXFileReference section */
		6BDC93ED4C7AC696F0C86BA6 /* Pods-TechMartFinal.release.xcconfig */ = {isa = PBXFileReference; includeInIndex = 1; lastKnownFileType = text.xcconfig; name = "Pods-TechMartFinal.release.xcconfig"; path = "Pods/Target Support Files/Pods-TechMartFinal/Pods-TechMartFinal.release.xcconfig"; sourceTree = "<group>"; };
		7F4575CF6E8C0103D0810FCB /* Pods-TechMartFinal.debug.xcconfig */ = {isa = PBXFileReference; includeInIndex = 1; lastKnownFileType = text.xcconfig; name = "Pods-TechMartFinal.debug.xcconfig"; path = "Pods/Target Support Files/Pods-TechMartFinal/Pods-TechMartFinal.debug.xcconfig"; sourceTree = "<group>"; };
		C918E0762134D5D600F68F05 /* HomePageViewController.swift */ = {isa = PBXFileReference; lastKnownFileType = sourcecode.swift; path = HomePageViewController.swift; sourceTree = "<group>"; };
		C918E0782134D9DC00F68F05 /* HomePageViewModel.swift */ = {isa = PBXFileReference; lastKnownFileType = sourcecode.swift; path = HomePageViewModel.swift; sourceTree = "<group>"; };
		C918E07A2134DF9C00F68F05 /* HomePageNavigator.swift */ = {isa = PBXFileReference; lastKnownFileType = sourcecode.swift; path = HomePageNavigator.swift; sourceTree = "<group>"; };
		C918E07C2134DFAA00F68F05 /* HomePageUseCase.swift */ = {isa = PBXFileReference; lastKnownFileType = sourcecode.swift; path = HomePageUseCase.swift; sourceTree = "<group>"; };
		E30627B4A6842772DB2D9D30 /* Pods_TechMartFinal.framework */ = {isa = PBXFileReference; explicitFileType = wrapper.framework; includeInIndex = 0; path = Pods_TechMartFinal.framework; sourceTree = BUILT_PRODUCTS_DIR; };
		FE752EF0212D389C0082B096 /* TechMartFinal.app */ = {isa = PBXFileReference; explicitFileType = wrapper.application; includeInIndex = 0; path = TechMartFinal.app; sourceTree = BUILT_PRODUCTS_DIR; };
		FE752EF3212D389C0082B096 /* AppDelegate.swift */ = {isa = PBXFileReference; lastKnownFileType = sourcecode.swift; path = AppDelegate.swift; sourceTree = "<group>"; };
		FE752EFB212D389C0082B096 /* TechMartFinal.xcdatamodel */ = {isa = PBXFileReference; lastKnownFileType = wrapper.xcdatamodel; path = TechMartFinal.xcdatamodel; sourceTree = "<group>"; };
		FE752EFD212D389F0082B096 /* Assets.xcassets */ = {isa = PBXFileReference; lastKnownFileType = folder.assetcatalog; path = Assets.xcassets; sourceTree = "<group>"; };
		FE752F02212D389F0082B096 /* Info.plist */ = {isa = PBXFileReference; lastKnownFileType = text.plist.xml; path = Info.plist; sourceTree = "<group>"; };
		FE752F0A212D3AFE0082B096 /* ViewModelType+Loadmore.swift */ = {isa = PBXFileReference; fileEncoding = 4; lastKnownFileType = sourcecode.swift; path = "ViewModelType+Loadmore.swift"; sourceTree = "<group>"; };
		FE752F0B212D3AFE0082B096 /* BindableType.swift */ = {isa = PBXFileReference; fileEncoding = 4; lastKnownFileType = sourcecode.swift; path = BindableType.swift; sourceTree = "<group>"; };
		FE752F0C212D3AFE0082B096 /* ActivityIndicator.swift */ = {isa = PBXFileReference; fileEncoding = 4; lastKnownFileType = sourcecode.swift; path = ActivityIndicator.swift; sourceTree = "<group>"; };
		FE752F0D212D3AFF0082B096 /* ViewModelType.swift */ = {isa = PBXFileReference; fileEncoding = 4; lastKnownFileType = sourcecode.swift; path = ViewModelType.swift; sourceTree = "<group>"; };
		FE752F0E212D3AFF0082B096 /* ErrorTracker.swift */ = {isa = PBXFileReference; fileEncoding = 4; lastKnownFileType = sourcecode.swift; path = ErrorTracker.swift; sourceTree = "<group>"; };
		FE752F15212D3B120082B096 /* UIViewController+Debug.swift */ = {isa = PBXFileReference; fileEncoding = 4; lastKnownFileType = sourcecode.swift; path = "UIViewController+Debug.swift"; sourceTree = "<group>"; };
		FE752F18212D3B400082B096 /* RefreshTableView.swift */ = {isa = PBXFileReference; fileEncoding = 4; lastKnownFileType = sourcecode.swift; path = RefreshTableView.swift; sourceTree = "<group>"; };
		FE752F19212D3B410082B096 /* LoadMoreCollectionView.swift */ = {isa = PBXFileReference; fileEncoding = 4; lastKnownFileType = sourcecode.swift; path = LoadMoreCollectionView.swift; sourceTree = "<group>"; };
		FE752F1A212D3B410082B096 /* RefreshAutoFooter.swift */ = {isa = PBXFileReference; fileEncoding = 4; lastKnownFileType = sourcecode.swift; path = RefreshAutoFooter.swift; sourceTree = "<group>"; };
		FE752F1B212D3B410082B096 /* LoadMoreTableView.swift */ = {isa = PBXFileReference; fileEncoding = 4; lastKnownFileType = sourcecode.swift; path = LoadMoreTableView.swift; sourceTree = "<group>"; };
		FE752F1C212D3B420082B096 /* RefreshAutoHeader.swift */ = {isa = PBXFileReference; fileEncoding = 4; lastKnownFileType = sourcecode.swift; path = RefreshAutoHeader.swift; sourceTree = "<group>"; };
		FE752F24212D3B770082B096 /* APIErrorBase.swift */ = {isa = PBXFileReference; fileEncoding = 4; lastKnownFileType = sourcecode.swift; path = APIErrorBase.swift; sourceTree = "<group>"; };
		FE752F25212D3B780082B096 /* APIOutputBase.swift */ = {isa = PBXFileReference; fileEncoding = 4; lastKnownFileType = sourcecode.swift; path = APIOutputBase.swift; sourceTree = "<group>"; };
		FE752F26212D3B780082B096 /* APIInputBase.swift */ = {isa = PBXFileReference; fileEncoding = 4; lastKnownFileType = sourcecode.swift; path = APIInputBase.swift; sourceTree = "<group>"; };
		FE752F27212D3B780082B096 /* APIServiceBase.swift */ = {isa = PBXFileReference; fileEncoding = 4; lastKnownFileType = sourcecode.swift; path = APIServiceBase.swift; sourceTree = "<group>"; };
		FE752F2D212D3B8C0082B096 /* RxAlamofire+Multipart.swift */ = {isa = PBXFileReference; fileEncoding = 4; lastKnownFileType = sourcecode.swift; path = "RxAlamofire+Multipart.swift"; sourceTree = "<group>"; };
		FE752F2E212D3B8C0082B096 /* String+Base64.swift */ = {isa = PBXFileReference; fileEncoding = 4; lastKnownFileType = sourcecode.swift; path = "String+Base64.swift"; sourceTree = "<group>"; };
		FE752F2F212D3B8D0082B096 /* CacheManager.swift */ = {isa = PBXFileReference; fileEncoding = 4; lastKnownFileType = sourcecode.swift; path = CacheManager.swift; sourceTree = "<group>"; };
		FE752F33212D3B9C0082B096 /* Utils.swift */ = {isa = PBXFileReference; fileEncoding = 4; lastKnownFileType = sourcecode.swift; path = Utils.swift; sourceTree = "<group>"; };
		FE752F37212D3BB60082B096 /* HasID.swift */ = {isa = PBXFileReference; fileEncoding = 4; lastKnownFileType = sourcecode.swift; path = HasID.swift; sourceTree = "<group>"; };
		FE752F38212D3BB70082B096 /* Page.swift */ = {isa = PBXFileReference; fileEncoding = 4; lastKnownFileType = sourcecode.swift; path = Page.swift; sourceTree = "<group>"; };
		FE752F3C212D3BC70082B096 /* Observable+.swift */ = {isa = PBXFileReference; fileEncoding = 4; lastKnownFileType = sourcecode.swift; path = "Observable+.swift"; sourceTree = "<group>"; };
		FE752F40212D3BF60082B096 /* ValidationError.swift */ = {isa = PBXFileReference; fileEncoding = 4; lastKnownFileType = sourcecode.swift; path = ValidationError.swift; sourceTree = "<group>"; };
		FE752F43212D3C0A0082B096 /* APIOutput.swift */ = {isa = PBXFileReference; fileEncoding = 4; lastKnownFileType = sourcecode.swift; path = APIOutput.swift; sourceTree = "<group>"; };
		FE752F44212D3C0A0082B096 /* APIUrls.swift */ = {isa = PBXFileReference; fileEncoding = 4; lastKnownFileType = sourcecode.swift; path = APIUrls.swift; sourceTree = "<group>"; };
		FE752F45212D3C0A0082B096 /* APIError.swift */ = {isa = PBXFileReference; fileEncoding = 4; lastKnownFileType = sourcecode.swift; path = APIError.swift; sourceTree = "<group>"; };
		FE752F46212D3C0B0082B096 /* APIService.swift */ = {isa = PBXFileReference; fileEncoding = 4; lastKnownFileType = sourcecode.swift; path = APIService.swift; sourceTree = "<group>"; };
		FE752F47212D3C0B0082B096 /* APIInput.swift */ = {isa = PBXFileReference; fileEncoding = 4; lastKnownFileType = sourcecode.swift; path = APIInput.swift; sourceTree = "<group>"; };
		FE752F51212D3C940082B096 /* UIViewController+.swift */ = {isa = PBXFileReference; fileEncoding = 4; lastKnownFileType = sourcecode.swift; path = "UIViewController+.swift"; sourceTree = "<group>"; };
		FE752F52212D3C940082B096 /* UIViewController+Rx.swift */ = {isa = PBXFileReference; fileEncoding = 4; lastKnownFileType = sourcecode.swift; path = "UIViewController+Rx.swift"; sourceTree = "<group>"; };
		FE752F5A212D3D210082B096 /* TechMart-Bridging-Header.h */ = {isa = PBXFileReference; fileEncoding = 4; lastKnownFileType = sourcecode.c.h; path = "TechMart-Bridging-Header.h"; sourceTree = "<group>"; };
		FE752F67212D41AB0082B096 /* en */ = {isa = PBXFileReference; lastKnownFileType = file.storyboard; name = en; path = en.lproj/LaunchScreen.storyboard; sourceTree = "<group>"; };
		FE752F69212D41AF0082B096 /* vi */ = {isa = PBXFileReference; lastKnownFileType = file.storyboard; name = vi; path = vi.lproj/LaunchScreen.storyboard; sourceTree = "<group>"; };
		FE752F6D212D420F0082B096 /* en */ = {isa = PBXFileReference; lastKnownFileType = file.storyboard; name = en; path = en.lproj/Login.storyboard; sourceTree = "<group>"; };
		FE752F6F212D42110082B096 /* vi */ = {isa = PBXFileReference; lastKnownFileType = file.storyboard; name = vi; path = vi.lproj/Login.storyboard; sourceTree = "<group>"; };
		FE752F73212D42440082B096 /* en */ = {isa = PBXFileReference; lastKnownFileType = text.plist.strings; name = en; path = en.lproj/Localizable.strings; sourceTree = "<group>"; };
		FE752F75212D42460082B096 /* vi */ = {isa = PBXFileReference; lastKnownFileType = text.plist.strings; name = vi; path = vi.lproj/Localizable.strings; sourceTree = "<group>"; };
		FE752F76212D42B30082B096 /* AppUseCase.swift */ = {isa = PBXFileReference; fileEncoding = 4; lastKnownFileType = sourcecode.swift; path = AppUseCase.swift; sourceTree = "<group>"; };
		FE752F77212D42B30082B096 /* AppNavigator.swift */ = {isa = PBXFileReference; fileEncoding = 4; lastKnownFileType = sourcecode.swift; path = AppNavigator.swift; sourceTree = "<group>"; };
		FE752F78212D42B40082B096 /* AppViewModel.swift */ = {isa = PBXFileReference; fileEncoding = 4; lastKnownFileType = sourcecode.swift; path = AppViewModel.swift; sourceTree = "<group>"; };
		FE752F7D212D43810082B096 /* Storyboads.swift */ = {isa = PBXFileReference; fileEncoding = 4; lastKnownFileType = sourcecode.swift; path = Storyboads.swift; sourceTree = "<group>"; };
		FE752F80212D460F0082B096 /* LoginViewController.swift */ = {isa = PBXFileReference; lastKnownFileType = sourcecode.swift; path = LoginViewController.swift; sourceTree = "<group>"; };
		FE752F82212D49A50082B096 /* LoginViewModel.swift */ = {isa = PBXFileReference; lastKnownFileType = sourcecode.swift; path = LoginViewModel.swift; sourceTree = "<group>"; };
		FE752F84212D4ACA0082B096 /* LoginUseCase.swift */ = {isa = PBXFileReference; lastKnownFileType = sourcecode.swift; path = LoginUseCase.swift; sourceTree = "<group>"; };
		FE752F86212D4AE40082B096 /* LoginNavigator.swift */ = {isa = PBXFileReference; lastKnownFileType = sourcecode.swift; path = LoginNavigator.swift; sourceTree = "<group>"; };
		FE752F88212D63DA0082B096 /* String+.swift */ = {isa = PBXFileReference; lastKnownFileType = sourcecode.swift; path = "String+.swift"; sourceTree = "<group>"; };
		FE752F8D212D67430082B096 /* en */ = {isa = PBXFileReference; lastKnownFileType = file.xib; name = en; path = en.lproj/SignUpViewController.xib; sourceTree = "<group>"; };
		FE752F8F212D67450082B096 /* vi */ = {isa = PBXFileReference; lastKnownFileType = file.xib; name = vi; path = vi.lproj/SignUpViewController.xib; sourceTree = "<group>"; };
		FE752F91212D67610082B096 /* SignUpViewModel.swift */ = {isa = PBXFileReference; lastKnownFileType = sourcecode.swift; path = SignUpViewModel.swift; sourceTree = "<group>"; };
		FE752F93212D676B0082B096 /* SignUpNavigator.swift */ = {isa = PBXFileReference; lastKnownFileType = sourcecode.swift; path = SignUpNavigator.swift; sourceTree = "<group>"; };
		FE752F95212D67A40082B096 /* SignUpUseCase.swift */ = {isa = PBXFileReference; lastKnownFileType = sourcecode.swift; path = SignUpUseCase.swift; sourceTree = "<group>"; };
		FE752F97212D67AE0082B096 /* SignUpViewController.swift */ = {isa = PBXFileReference; lastKnownFileType = sourcecode.swift; path = SignUpViewController.swift; sourceTree = "<group>"; };
		FE752FA0212DBA880082B096 /* ForgotPasswordViewController.swift */ = {isa = PBXFileReference; lastKnownFileType = sourcecode.swift; path = ForgotPasswordViewController.swift; sourceTree = "<group>"; };
		FE752FA2212DBAA40082B096 /* ForgotPasswordViewModel.swift */ = {isa = PBXFileReference; lastKnownFileType = sourcecode.swift; path = ForgotPasswordViewModel.swift; sourceTree = "<group>"; };
		FE752FA4212DBB210082B096 /* ForgotPasswordUseCase.swift */ = {isa = PBXFileReference; lastKnownFileType = sourcecode.swift; path = ForgotPasswordUseCase.swift; sourceTree = "<group>"; };
		FE752FA6212DBB300082B096 /* ForgotPasswordNavigator.swift */ = {isa = PBXFileReference; lastKnownFileType = sourcecode.swift; path = ForgotPasswordNavigator.swift; sourceTree = "<group>"; };
		FE752FAB212DBFBC0082B096 /* en */ = {isa = PBXFileReference; lastKnownFileType = file.xib; name = en; path = en.lproj/ForgotPasswordViewController.xib; sourceTree = "<group>"; };
		FE752FAD212DBFBE0082B096 /* vi */ = {isa = PBXFileReference; lastKnownFileType = file.xib; name = vi; path = vi.lproj/ForgotPasswordViewController.xib; sourceTree = "<group>"; };
		FEECD012212E3FF400421577 /* UIView+.swift */ = {isa = PBXFileReference; lastKnownFileType = sourcecode.swift; path = "UIView+.swift"; sourceTree = "<group>"; };
		FEECD015212E404200421577 /* Constants.swift */ = {isa = PBXFileReference; lastKnownFileType = sourcecode.swift; path = Constants.swift; sourceTree = "<group>"; };
		FEECD017212E407C00421577 /* ColorConstant.swift */ = {isa = PBXFileReference; lastKnownFileType = sourcecode.swift; path = ColorConstant.swift; sourceTree = "<group>"; };
		FEECD019212E409700421577 /* TimeUtils.swift */ = {isa = PBXFileReference; fileEncoding = 4; lastKnownFileType = sourcecode.swift; path = TimeUtils.swift; sourceTree = "<group>"; };
		FEECD01B212E40F300421577 /* Enumerable.swift */ = {isa = PBXFileReference; fileEncoding = 4; lastKnownFileType = sourcecode.swift; path = Enumerable.swift; sourceTree = "<group>"; };
		FEECD01C212E40F400421577 /* UIStoryboard.swift */ = {isa = PBXFileReference; fileEncoding = 4; lastKnownFileType = sourcecode.swift; path = UIStoryboard.swift; sourceTree = "<group>"; };
		FEECD01D212E40F400421577 /* UIApplication.swift */ = {isa = PBXFileReference; fileEncoding = 4; lastKnownFileType = sourcecode.swift; path = UIApplication.swift; sourceTree = "<group>"; };
		FEECD01E212E40F400421577 /* UIBarButtonItem.swift */ = {isa = PBXFileReference; fileEncoding = 4; lastKnownFileType = sourcecode.swift; path = UIBarButtonItem.swift; sourceTree = "<group>"; };
		FEECD01F212E40F500421577 /* Color.swift */ = {isa = PBXFileReference; fileEncoding = 4; lastKnownFileType = sourcecode.swift; path = Color.swift; sourceTree = "<group>"; };
		FEECD020212E40F500421577 /* NSObject.swift */ = {isa = PBXFileReference; fileEncoding = 4; lastKnownFileType = sourcecode.swift; path = NSObject.swift; sourceTree = "<group>"; };
		FEECD021212E40F500421577 /* UITableView.swift */ = {isa = PBXFileReference; fileEncoding = 4; lastKnownFileType = sourcecode.swift; path = UITableView.swift; sourceTree = "<group>"; };
		FEECD022212E40F500421577 /* UICollectionView.swift */ = {isa = PBXFileReference; fileEncoding = 4; lastKnownFileType = sourcecode.swift; path = UICollectionView.swift; sourceTree = "<group>"; };
		FEECD023212E40F600421577 /* UIButton.swift */ = {isa = PBXFileReference; fileEncoding = 4; lastKnownFileType = sourcecode.swift; path = UIButton.swift; sourceTree = "<group>"; };
		FEECD024212E40F600421577 /* UIImage.swift */ = {isa = PBXFileReference; fileEncoding = 4; lastKnownFileType = sourcecode.swift; path = UIImage.swift; sourceTree = "<group>"; };
		FEECD025212E40F600421577 /* CAShapeLayer.swift */ = {isa = PBXFileReference; fileEncoding = 4; lastKnownFileType = sourcecode.swift; path = CAShapeLayer.swift; sourceTree = "<group>"; };
		FEECD026212E40F700421577 /* Array.swift */ = {isa = PBXFileReference; fileEncoding = 4; lastKnownFileType = sourcecode.swift; path = Array.swift; sourceTree = "<group>"; };
		FEECD027212E40F700421577 /* UIImageView.swift */ = {isa = PBXFileReference; fileEncoding = 4; lastKnownFileType = sourcecode.swift; path = UIImageView.swift; sourceTree = "<group>"; };
		FEECD028212E40F700421577 /* UITextField.swift */ = {isa = PBXFileReference; fileEncoding = 4; lastKnownFileType = sourcecode.swift; path = UITextField.swift; sourceTree = "<group>"; };
		FEECD029212E40F700421577 /* UITextView.swift */ = {isa = PBXFileReference; fileEncoding = 4; lastKnownFileType = sourcecode.swift; path = UITextView.swift; sourceTree = "<group>"; };
		FEECD02A212E40F800421577 /* Float.swift */ = {isa = PBXFileReference; fileEncoding = 4; lastKnownFileType = sourcecode.swift; path = Float.swift; sourceTree = "<group>"; };
		FEECD02B212E40F800421577 /* UILabel.swift */ = {isa = PBXFileReference; fileEncoding = 4; lastKnownFileType = sourcecode.swift; path = UILabel.swift; sourceTree = "<group>"; };
		FEECD02D212E40F800421577 /* UIViewControllerExtendsion.swift */ = {isa = PBXFileReference; fileEncoding = 4; lastKnownFileType = sourcecode.swift; path = UIViewControllerExtendsion.swift; sourceTree = "<group>"; };
		FEECD02E212E40F900421577 /* URLRequest.swift */ = {isa = PBXFileReference; fileEncoding = 4; lastKnownFileType = sourcecode.swift; path = URLRequest.swift; sourceTree = "<group>"; };
		FEECD043212E413800421577 /* FontConstant.swift */ = {isa = PBXFileReference; fileEncoding = 4; lastKnownFileType = sourcecode.swift; path = FontConstant.swift; sourceTree = "<group>"; };
		FEECD048212E539B00421577 /* en */ = {isa = PBXFileReference; lastKnownFileType = file.xib; name = en; path = en.lproj/ProfileViewController.xib; sourceTree = "<group>"; };
		FEECD04A212E539D00421577 /* vi */ = {isa = PBXFileReference; lastKnownFileType = file.xib; name = vi; path = vi.lproj/ProfileViewController.xib; sourceTree = "<group>"; };
		FEECD04B212E55B200421577 /* ProfileViewModel.swift */ = {isa = PBXFileReference; lastKnownFileType = sourcecode.swift; path = ProfileViewModel.swift; sourceTree = "<group>"; };
		FEECD04D212E55BB00421577 /* ProfileUseCase.swift */ = {isa = PBXFileReference; lastKnownFileType = sourcecode.swift; path = ProfileUseCase.swift; sourceTree = "<group>"; };
		FEECD04F212E55CD00421577 /* ProfileNavigator.swift */ = {isa = PBXFileReference; lastKnownFileType = sourcecode.swift; path = ProfileNavigator.swift; sourceTree = "<group>"; };
		FEECD051212E561E00421577 /* ProfileViewController.swift */ = {isa = PBXFileReference; lastKnownFileType = sourcecode.swift; path = ProfileViewController.swift; sourceTree = "<group>"; };
		FEECD057212E885F00421577 /* en */ = {isa = PBXFileReference; lastKnownFileType = file.storyboard; name = en; path = en.lproj/Home.storyboard; sourceTree = "<group>"; };
		FEECD059212E887000421577 /* vi */ = {isa = PBXFileReference; lastKnownFileType = file.storyboard; name = vi; path = vi.lproj/Home.storyboard; sourceTree = "<group>"; };
		FEECD05A212E88D700421577 /* HomeViewController.swift */ = {isa = PBXFileReference; lastKnownFileType = sourcecode.swift; path = HomeViewController.swift; sourceTree = "<group>"; };
		FEECD05C212E897400421577 /* HomeViewModel.swift */ = {isa = PBXFileReference; lastKnownFileType = sourcecode.swift; path = HomeViewModel.swift; sourceTree = "<group>"; };
		FEECD05E212E897F00421577 /* HomeUseCase.swift */ = {isa = PBXFileReference; lastKnownFileType = sourcecode.swift; path = HomeUseCase.swift; sourceTree = "<group>"; };
		FEECD060212E899B00421577 /* HomeNavigator.swift */ = {isa = PBXFileReference; lastKnownFileType = sourcecode.swift; path = HomeNavigator.swift; sourceTree = "<group>"; };
/* End PBXFileReference section */

/* Begin PBXFrameworksBuildPhase section */
		FE752EED212D389C0082B096 /* Frameworks */ = {
			isa = PBXFrameworksBuildPhase;
			buildActionMask = 2147483647;
			files = (
				0B083D06CD467C59C591F7B4 /* Pods_TechMartFinal.framework in Frameworks */,
			);
			runOnlyForDeploymentPostprocessing = 0;
		};
/* End PBXFrameworksBuildPhase section */

/* Begin PBXGroup section */
		2A2848D8685A65DA97D0B8E5 /* Frameworks */ = {
			isa = PBXGroup;
			children = (
				E30627B4A6842772DB2D9D30 /* Pods_TechMartFinal.framework */,
			);
			name = Frameworks;
			sourceTree = "<group>";
		};
		7578E9DAD0619ABBF746D577 /* Pods */ = {
			isa = PBXGroup;
			children = (
				7F4575CF6E8C0103D0810FCB /* Pods-TechMartFinal.debug.xcconfig */,
				6BDC93ED4C7AC696F0C86BA6 /* Pods-TechMartFinal.release.xcconfig */,
			);
			name = Pods;
			sourceTree = "<group>";
		};
		C918E0752134D5C200F68F05 /* HomePage */ = {
			isa = PBXGroup;
			children = (
				C918E0762134D5D600F68F05 /* HomePageViewController.swift */,
				C918E0782134D9DC00F68F05 /* HomePageViewModel.swift */,
				C918E07A2134DF9C00F68F05 /* HomePageNavigator.swift */,
				C918E07C2134DFAA00F68F05 /* HomePageUseCase.swift */,
			);
			path = HomePage;
			sourceTree = "<group>";
		};
		FE752EE7212D389C0082B096 = {
			isa = PBXGroup;
			children = (
				FE752EF2212D389C0082B096 /* TechMartFinal */,
				FE752EF1212D389C0082B096 /* Products */,
				7578E9DAD0619ABBF746D577 /* Pods */,
				2A2848D8685A65DA97D0B8E5 /* Frameworks */,
			);
			sourceTree = "<group>";
		};
		FE752EF1212D389C0082B096 /* Products */ = {
			isa = PBXGroup;
			children = (
				FE752EF0212D389C0082B096 /* TechMartFinal.app */,
			);
			name = Products;
			sourceTree = "<group>";
		};
		FE752EF2212D389C0082B096 /* TechMartFinal */ = {
			isa = PBXGroup;
			children = (
				FEECD014212E403400421577 /* Ultis */,
				FE752F08212D3A890082B096 /* Architure */,
				FE752F3E212D3BD70082B096 /* Service */,
				FE752F4F212D3C790082B096 /* Entity */,
				FE752F50212D3C870082B096 /* Extension */,
				FE752F55212D3CB70082B096 /* Storyboad */,
				FE752F58212D3CF50082B096 /* Scenes */,
				FE752EFD212D389F0082B096 /* Assets.xcassets */,
				FE752F5A212D3D210082B096 /* TechMart-Bridging-Header.h */,
				FE752F02212D389F0082B096 /* Info.plist */,
				FE752F68212D41AB0082B096 /* LaunchScreen.storyboard */,
				FE752EFA212D389C0082B096 /* TechMartFinal.xcdatamodeld */,
			);
			path = TechMartFinal;
			sourceTree = "<group>";
		};
		FE752F08212D3A890082B096 /* Architure */ = {
			isa = PBXGroup;
			children = (
				FE752F74212D42440082B096 /* Localizable.strings */,
				FE752F3B212D3BBF0082B096 /* Extension */,
				FE752F36212D3BAD0082B096 /* Model */,
				FE752F33212D3B9C0082B096 /* Utils.swift */,
				FE752F22212D3B5D0082B096 /* Service */,
				FE752F14212D3B070082B096 /* View */,
				FE752F09212D3AE70082B096 /* ViewModel */,
			);
			path = Architure;
			sourceTree = "<group>";
		};
		FE752F09212D3AE70082B096 /* ViewModel */ = {
			isa = PBXGroup;
			children = (
				FE752F0C212D3AFE0082B096 /* ActivityIndicator.swift */,
				FE752F0B212D3AFE0082B096 /* BindableType.swift */,
				FE752F0E212D3AFF0082B096 /* ErrorTracker.swift */,
				FE752F0D212D3AFF0082B096 /* ViewModelType.swift */,
				FE752F0A212D3AFE0082B096 /* ViewModelType+Loadmore.swift */,
			);
			path = ViewModel;
			sourceTree = "<group>";
		};
		FE752F14212D3B070082B096 /* View */ = {
			isa = PBXGroup;
			children = (
				FE752F17212D3B330082B096 /* LoadMore */,
				FE752F15212D3B120082B096 /* UIViewController+Debug.swift */,
			);
			path = View;
			sourceTree = "<group>";
		};
		FE752F17212D3B330082B096 /* LoadMore */ = {
			isa = PBXGroup;
			children = (
				FE752F19212D3B410082B096 /* LoadMoreCollectionView.swift */,
				FE752F1B212D3B410082B096 /* LoadMoreTableView.swift */,
				FE752F1A212D3B410082B096 /* RefreshAutoFooter.swift */,
				FE752F1C212D3B420082B096 /* RefreshAutoHeader.swift */,
				FE752F18212D3B400082B096 /* RefreshTableView.swift */,
			);
			path = LoadMore;
			sourceTree = "<group>";
		};
		FE752F22212D3B5D0082B096 /* Service */ = {
			isa = PBXGroup;
			children = (
				FE752F23212D3B6C0082B096 /* API */,
			);
			path = Service;
			sourceTree = "<group>";
		};
		FE752F23212D3B6C0082B096 /* API */ = {
			isa = PBXGroup;
			children = (
				FE752F2C212D3B7A0082B096 /* Support */,
				FE752F24212D3B770082B096 /* APIErrorBase.swift */,
				FE752F26212D3B780082B096 /* APIInputBase.swift */,
				FE752F25212D3B780082B096 /* APIOutputBase.swift */,
				FE752F27212D3B780082B096 /* APIServiceBase.swift */,
			);
			path = API;
			sourceTree = "<group>";
		};
		FE752F2C212D3B7A0082B096 /* Support */ = {
			isa = PBXGroup;
			children = (
				FE752F2F212D3B8D0082B096 /* CacheManager.swift */,
				FE752F2D212D3B8C0082B096 /* RxAlamofire+Multipart.swift */,
				FE752F2E212D3B8C0082B096 /* String+Base64.swift */,
			);
			path = Support;
			sourceTree = "<group>";
		};
		FE752F36212D3BAD0082B096 /* Model */ = {
			isa = PBXGroup;
			children = (
				FE752F37212D3BB60082B096 /* HasID.swift */,
				FE752F38212D3BB70082B096 /* Page.swift */,
			);
			path = Model;
			sourceTree = "<group>";
		};
		FE752F3B212D3BBF0082B096 /* Extension */ = {
			isa = PBXGroup;
			children = (
				FE752F3C212D3BC70082B096 /* Observable+.swift */,
			);
			path = Extension;
			sourceTree = "<group>";
		};
		FE752F3E212D3BD70082B096 /* Service */ = {
			isa = PBXGroup;
			children = (
				FE752F42212D3BFD0082B096 /* API */,
				FE752F3F212D3BF00082B096 /* Validation */,
			);
			path = Service;
			sourceTree = "<group>";
		};
		FE752F3F212D3BF00082B096 /* Validation */ = {
			isa = PBXGroup;
			children = (
				FE752F40212D3BF60082B096 /* ValidationError.swift */,
			);
			path = Validation;
			sourceTree = "<group>";
		};
		FE752F42212D3BFD0082B096 /* API */ = {
			isa = PBXGroup;
			children = (
				FE752F45212D3C0A0082B096 /* APIError.swift */,
				FE752F47212D3C0B0082B096 /* APIInput.swift */,
				FE752F43212D3C0A0082B096 /* APIOutput.swift */,
				FE752F46212D3C0B0082B096 /* APIService.swift */,
				FE752F44212D3C0A0082B096 /* APIUrls.swift */,
			);
			path = API;
			sourceTree = "<group>";
		};
		FE752F4F212D3C790082B096 /* Entity */ = {
			isa = PBXGroup;
			children = (
			);
			path = Entity;
			sourceTree = "<group>";
		};
		FE752F50212D3C870082B096 /* Extension */ = {
			isa = PBXGroup;
			children = (
				FE752F51212D3C940082B096 /* UIViewController+.swift */,
				FE752F52212D3C940082B096 /* UIViewController+Rx.swift */,
				FE752F88212D63DA0082B096 /* String+.swift */,
				FEECD012212E3FF400421577 /* UIView+.swift */,
				FEECD026212E40F700421577 /* Array.swift */,
				FEECD025212E40F600421577 /* CAShapeLayer.swift */,
				FEECD01F212E40F500421577 /* Color.swift */,
				FEECD01B212E40F300421577 /* Enumerable.swift */,
				FEECD02A212E40F800421577 /* Float.swift */,
				FEECD020212E40F500421577 /* NSObject.swift */,
				FEECD01D212E40F400421577 /* UIApplication.swift */,
				FEECD01E212E40F400421577 /* UIBarButtonItem.swift */,
				FEECD023212E40F600421577 /* UIButton.swift */,
				FEECD022212E40F500421577 /* UICollectionView.swift */,
				FEECD024212E40F600421577 /* UIImage.swift */,
				FEECD027212E40F700421577 /* UIImageView.swift */,
				FEECD02B212E40F800421577 /* UILabel.swift */,
				FEECD021212E40F500421577 /* UITableView.swift */,
				FEECD028212E40F700421577 /* UITextField.swift */,
				FEECD029212E40F700421577 /* UITextView.swift */,
				FEECD01C212E40F400421577 /* UIStoryboard.swift */,
				FEECD02D212E40F800421577 /* UIViewControllerExtendsion.swift */,
				FEECD02E212E40F900421577 /* URLRequest.swift */,
			);
			path = Extension;
			sourceTree = "<group>";
		};
		FE752F55212D3CB70082B096 /* Storyboad */ = {
			isa = PBXGroup;
			children = (
				FE752FAC212DBFBC0082B096 /* ForgotPasswordViewController.xib */,
				FE752F8E212D67430082B096 /* SignUpViewController.xib */,
				FE752F6E212D420F0082B096 /* Login.storyboard */,
				FEECD049212E539B00421577 /* ProfileViewController.xib */,
				FEECD058212E885F00421577 /* Home.storyboard */,
			);
			path = Storyboad;
			sourceTree = "<group>";
		};
		FE752F58212D3CF50082B096 /* Scenes */ = {
			isa = PBXGroup;
			children = (
				C918E0752134D5C200F68F05 /* HomePage */,
				FEECD053212E875E00421577 /* Home */,
				FE752FAE212DBFDD0082B096 /* Profile */,
				FE752F99212DBA4C0082B096 /* ForgotPassword */,
				FE752F90212D67510082B096 /* SignUp */,
				FE752F7F212D44AB0082B096 /* Login */,
				FE752F7C212D43760082B096 /* Storyboad */,
				FE752F59212D3D070082B096 /* App */,
			);
			path = Scenes;
			sourceTree = "<group>";
		};
		FE752F59212D3D070082B096 /* App */ = {
			isa = PBXGroup;
			children = (
				FE752EF3212D389C0082B096 /* AppDelegate.swift */,
				FE752F76212D42B30082B096 /* AppUseCase.swift */,
				FE752F78212D42B40082B096 /* AppViewModel.swift */,
				FE752F77212D42B30082B096 /* AppNavigator.swift */,
			);
			path = App;
			sourceTree = "<group>";
		};
		FE752F7C212D43760082B096 /* Storyboad */ = {
			isa = PBXGroup;
			children = (
				FE752F7D212D43810082B096 /* Storyboads.swift */,
			);
			path = Storyboad;
			sourceTree = "<group>";
		};
		FE752F7F212D44AB0082B096 /* Login */ = {
			isa = PBXGroup;
			children = (
				FE752F80212D460F0082B096 /* LoginViewController.swift */,
				FE752F82212D49A50082B096 /* LoginViewModel.swift */,
				FE752F84212D4ACA0082B096 /* LoginUseCase.swift */,
				FE752F86212D4AE40082B096 /* LoginNavigator.swift */,
			);
			path = Login;
			sourceTree = "<group>";
		};
		FE752F90212D67510082B096 /* SignUp */ = {
			isa = PBXGroup;
			children = (
				FE752F91212D67610082B096 /* SignUpViewModel.swift */,
				FE752F93212D676B0082B096 /* SignUpNavigator.swift */,
				FE752F95212D67A40082B096 /* SignUpUseCase.swift */,
				FE752F97212D67AE0082B096 /* SignUpViewController.swift */,
			);
			path = SignUp;
			sourceTree = "<group>";
		};
		FE752F99212DBA4C0082B096 /* ForgotPassword */ = {
			isa = PBXGroup;
			children = (
				FE752FA0212DBA880082B096 /* ForgotPasswordViewController.swift */,
				FE752FA2212DBAA40082B096 /* ForgotPasswordViewModel.swift */,
				FE752FA4212DBB210082B096 /* ForgotPasswordUseCase.swift */,
				FE752FA6212DBB300082B096 /* ForgotPasswordNavigator.swift */,
			);
			path = ForgotPassword;
			sourceTree = "<group>";
		};
		FE752FAE212DBFDD0082B096 /* Profile */ = {
			isa = PBXGroup;
			children = (
				FEECD04B212E55B200421577 /* ProfileViewModel.swift */,
				FEECD04D212E55BB00421577 /* ProfileUseCase.swift */,
				FEECD04F212E55CD00421577 /* ProfileNavigator.swift */,
				FEECD051212E561E00421577 /* ProfileViewController.swift */,
			);
			path = Profile;
			sourceTree = "<group>";
		};
		FEECD014212E403400421577 /* Ultis */ = {
			isa = PBXGroup;
			children = (
				FEECD015212E404200421577 /* Constants.swift */,
				FEECD017212E407C00421577 /* ColorConstant.swift */,
				FEECD043212E413800421577 /* FontConstant.swift */,
				FEECD019212E409700421577 /* TimeUtils.swift */,
			);
			path = Ultis;
			sourceTree = "<group>";
		};
		FEECD053212E875E00421577 /* Home */ = {
			isa = PBXGroup;
			children = (
				FEECD05A212E88D700421577 /* HomeViewController.swift */,
				FEECD05C212E897400421577 /* HomeViewModel.swift */,
				FEECD05E212E897F00421577 /* HomeUseCase.swift */,
				FEECD060212E899B00421577 /* HomeNavigator.swift */,
			);
			path = Home;
			sourceTree = "<group>";
		};
/* End PBXGroup section */

/* Begin PBXNativeTarget section */
		FE752EEF212D389C0082B096 /* TechMartFinal */ = {
			isa = PBXNativeTarget;
			buildConfigurationList = FE752F05212D389F0082B096 /* Build configuration list for PBXNativeTarget "TechMartFinal" */;
			buildPhases = (
				0DCE460F48059EDFD84FE694 /* [CP] Check Pods Manifest.lock */,
				FE752EEC212D389C0082B096 /* Sources */,
				FE752EED212D389C0082B096 /* Frameworks */,
				FE752EEE212D389C0082B096 /* Resources */,
				82D50527F1C42AFF37F37DB1 /* [CP] Embed Pods Frameworks */,
			);
			buildRules = (
			);
			dependencies = (
			);
			name = TechMartFinal;
			productName = TechMartFinal;
			productReference = FE752EF0212D389C0082B096 /* TechMartFinal.app */;
			productType = "com.apple.product-type.application";
		};
/* End PBXNativeTarget section */

/* Begin PBXProject section */
		FE752EE8212D389C0082B096 /* Project object */ = {
			isa = PBXProject;
			attributes = {
				LastSwiftUpdateCheck = 0940;
				LastUpgradeCheck = 0940;
				ORGANIZATIONNAME = ThanhLong;
				TargetAttributes = {
					FE752EEF212D389C0082B096 = {
						CreatedOnToolsVersion = 9.4;
					};
				};
			};
			buildConfigurationList = FE752EEB212D389C0082B096 /* Build configuration list for PBXProject "TechMartFinal" */;
			compatibilityVersion = "Xcode 9.3";
			developmentRegion = en;
			hasScannedForEncodings = 0;
			knownRegions = (
				en,
				vi,
			);
			mainGroup = FE752EE7212D389C0082B096;
			productRefGroup = FE752EF1212D389C0082B096 /* Products */;
			projectDirPath = "";
			projectRoot = "";
			targets = (
				FE752EEF212D389C0082B096 /* TechMartFinal */,
			);
		};
/* End PBXProject section */

/* Begin PBXResourcesBuildPhase section */
		FE752EEE212D389C0082B096 /* Resources */ = {
			isa = PBXResourcesBuildPhase;
			buildActionMask = 2147483647;
			files = (
				FEECD047212E539B00421577 /* ProfileViewController.xib in Resources */,
				FE752F8C212D67430082B096 /* SignUpViewController.xib in Resources */,
				FE752F6C212D420F0082B096 /* Login.storyboard in Resources */,
				FE752FAA212DBFBC0082B096 /* ForgotPasswordViewController.xib in Resources */,
				FE752F72212D42440082B096 /* Localizable.strings in Resources */,
				FE752EFE212D389F0082B096 /* Assets.xcassets in Resources */,
				FE752F66212D41AB0082B096 /* LaunchScreen.storyboard in Resources */,
				FEECD056212E885F00421577 /* Home.storyboard in Resources */,
			);
			runOnlyForDeploymentPostprocessing = 0;
		};
/* End PBXResourcesBuildPhase section */

/* Begin PBXShellScriptBuildPhase section */
		0DCE460F48059EDFD84FE694 /* [CP] Check Pods Manifest.lock */ = {
			isa = PBXShellScriptBuildPhase;
			buildActionMask = 2147483647;
			files = (
			);
			inputPaths = (
				"${PODS_PODFILE_DIR_PATH}/Podfile.lock",
				"${PODS_ROOT}/Manifest.lock",
			);
			name = "[CP] Check Pods Manifest.lock";
			outputPaths = (
				"$(DERIVED_FILE_DIR)/Pods-TechMartFinal-checkManifestLockResult.txt",
			);
			runOnlyForDeploymentPostprocessing = 0;
			shellPath = /bin/sh;
			shellScript = "diff \"${PODS_PODFILE_DIR_PATH}/Podfile.lock\" \"${PODS_ROOT}/Manifest.lock\" > /dev/null\nif [ $? != 0 ] ; then\n    # print error to STDERR\n    echo \"error: The sandbox is not in sync with the Podfile.lock. Run 'pod install' or update your CocoaPods installation.\" >&2\n    exit 1\nfi\n# This output is used by Xcode 'outputs' to avoid re-running this script phase.\necho \"SUCCESS\" > \"${SCRIPT_OUTPUT_FILE_0}\"\n";
			showEnvVarsInLog = 0;
		};
		82D50527F1C42AFF37F37DB1 /* [CP] Embed Pods Frameworks */ = {
			isa = PBXShellScriptBuildPhase;
			buildActionMask = 2147483647;
			files = (
			);
			inputPaths = (
				"${SRCROOT}/Pods/Target Support Files/Pods-TechMartFinal/Pods-TechMartFinal-frameworks.sh",
				"${BUILT_PRODUCTS_DIR}/ActionSheetPicker-3.0/ActionSheetPicker_3_0.framework",
				"${BUILT_PRODUCTS_DIR}/Alamofire/Alamofire.framework",
				"${BUILT_PRODUCTS_DIR}/Differentiator/Differentiator.framework",
				"${BUILT_PRODUCTS_DIR}/FSPagerView/FSPagerView.framework",
				"${BUILT_PRODUCTS_DIR}/IQKeyboardManagerSwift/IQKeyboardManagerSwift.framework",
				"${BUILT_PRODUCTS_DIR}/Localize-Swift/Localize_Swift.framework",
				"${BUILT_PRODUCTS_DIR}/MJRefresh/MJRefresh.framework",
				"${BUILT_PRODUCTS_DIR}/MKProgress/MKProgress.framework",
				"${BUILT_PRODUCTS_DIR}/NSObject+Rx/NSObject_Rx.framework",
				"${BUILT_PRODUCTS_DIR}/ObjectMapper/ObjectMapper.framework",
				"${BUILT_PRODUCTS_DIR}/OrderedSet/OrderedSet.framework",
				"${BUILT_PRODUCTS_DIR}/Reusable/Reusable.framework",
				"${BUILT_PRODUCTS_DIR}/RxAlamofire/RxAlamofire.framework",
				"${BUILT_PRODUCTS_DIR}/RxCocoa/RxCocoa.framework",
				"${BUILT_PRODUCTS_DIR}/RxDataSources/RxDataSources.framework",
				"${BUILT_PRODUCTS_DIR}/RxGesture/RxGesture.framework",
				"${BUILT_PRODUCTS_DIR}/RxSwift/RxSwift.framework",
				"${BUILT_PRODUCTS_DIR}/SDWebImage/SDWebImage.framework",
				"${BUILT_PRODUCTS_DIR}/StatusBarNotifications/StatusBarNotifications.framework",
				"${BUILT_PRODUCTS_DIR}/TextFieldEffects/TextFieldEffects.framework",
				"${BUILT_PRODUCTS_DIR}/Then/Then.framework",
				"${BUILT_PRODUCTS_DIR}/Validator/Validator.framework",
			);
			name = "[CP] Embed Pods Frameworks";
			outputPaths = (
				"${TARGET_BUILD_DIR}/${FRAMEWORKS_FOLDER_PATH}/ActionSheetPicker_3_0.framework",
				"${TARGET_BUILD_DIR}/${FRAMEWORKS_FOLDER_PATH}/Alamofire.framework",
				"${TARGET_BUILD_DIR}/${FRAMEWORKS_FOLDER_PATH}/Differentiator.framework",
				"${TARGET_BUILD_DIR}/${FRAMEWORKS_FOLDER_PATH}/FSPagerView.framework",
				"${TARGET_BUILD_DIR}/${FRAMEWORKS_FOLDER_PATH}/IQKeyboardManagerSwift.framework",
				"${TARGET_BUILD_DIR}/${FRAMEWORKS_FOLDER_PATH}/Localize_Swift.framework",
				"${TARGET_BUILD_DIR}/${FRAMEWORKS_FOLDER_PATH}/MJRefresh.framework",
				"${TARGET_BUILD_DIR}/${FRAMEWORKS_FOLDER_PATH}/MKProgress.framework",
				"${TARGET_BUILD_DIR}/${FRAMEWORKS_FOLDER_PATH}/NSObject_Rx.framework",
				"${TARGET_BUILD_DIR}/${FRAMEWORKS_FOLDER_PATH}/ObjectMapper.framework",
				"${TARGET_BUILD_DIR}/${FRAMEWORKS_FOLDER_PATH}/OrderedSet.framework",
				"${TARGET_BUILD_DIR}/${FRAMEWORKS_FOLDER_PATH}/Reusable.framework",
				"${TARGET_BUILD_DIR}/${FRAMEWORKS_FOLDER_PATH}/RxAlamofire.framework",
				"${TARGET_BUILD_DIR}/${FRAMEWORKS_FOLDER_PATH}/RxCocoa.framework",
				"${TARGET_BUILD_DIR}/${FRAMEWORKS_FOLDER_PATH}/RxDataSources.framework",
				"${TARGET_BUILD_DIR}/${FRAMEWORKS_FOLDER_PATH}/RxGesture.framework",
				"${TARGET_BUILD_DIR}/${FRAMEWORKS_FOLDER_PATH}/RxSwift.framework",
				"${TARGET_BUILD_DIR}/${FRAMEWORKS_FOLDER_PATH}/SDWebImage.framework",
				"${TARGET_BUILD_DIR}/${FRAMEWORKS_FOLDER_PATH}/StatusBarNotifications.framework",
				"${TARGET_BUILD_DIR}/${FRAMEWORKS_FOLDER_PATH}/TextFieldEffects.framework",
				"${TARGET_BUILD_DIR}/${FRAMEWORKS_FOLDER_PATH}/Then.framework",
				"${TARGET_BUILD_DIR}/${FRAMEWORKS_FOLDER_PATH}/Validator.framework",
			);
			runOnlyForDeploymentPostprocessing = 0;
			shellPath = /bin/sh;
			shellScript = "\"${SRCROOT}/Pods/Target Support Files/Pods-TechMartFinal/Pods-TechMartFinal-frameworks.sh\"\n";
			showEnvVarsInLog = 0;
		};
/* End PBXShellScriptBuildPhase section */

/* Begin PBXSourcesBuildPhase section */
		FE752EEC212D389C0082B096 /* Sources */ = {
			isa = PBXSourcesBuildPhase;
			buildActionMask = 2147483647;
			files = (
				FE752F20212D3B420082B096 /* LoadMoreTableView.swift in Sources */,
				FE752F7E212D43810082B096 /* Storyboads.swift in Sources */,
				FE752F3A212D3BB70082B096 /* Page.swift in Sources */,
				FEECD044212E413800421577 /* FontConstant.swift in Sources */,
				FE752F41212D3BF60082B096 /* ValidationError.swift in Sources */,
				FE752F89212D63DA0082B096 /* String+.swift in Sources */,
				FE752F4A212D3C0B0082B096 /* APIUrls.swift in Sources */,
				FEECD038212E40F900421577 /* UIImage.swift in Sources */,
				FE752F3D212D3BC70082B096 /* Observable+.swift in Sources */,
				FE752F1D212D3B420082B096 /* RefreshTableView.swift in Sources */,
				FEECD031212E40F900421577 /* UIApplication.swift in Sources */,
				FEECD05B212E88D700421577 /* HomeViewController.swift in Sources */,
				FEECD05D212E897400421577 /* HomeViewModel.swift in Sources */,
				FE752F79212D42B40082B096 /* AppUseCase.swift in Sources */,
				FEECD05F212E897F00421577 /* HomeUseCase.swift in Sources */,
				FEECD032212E40F900421577 /* UIBarButtonItem.swift in Sources */,
				FE752EF4212D389C0082B096 /* AppDelegate.swift in Sources */,
				FE752F29212D3B780082B096 /* APIOutputBase.swift in Sources */,
				FEECD030212E40F900421577 /* UIStoryboard.swift in Sources */,
				C918E0792134D9DD00F68F05 /* HomePageViewModel.swift in Sources */,
				FE752FA1212DBA880082B096 /* ForgotPasswordViewController.swift in Sources */,
				FE752F16212D3B120082B096 /* UIViewController+Debug.swift in Sources */,
				FEECD041212E40F900421577 /* UIViewControllerExtendsion.swift in Sources */,
				FEECD04E212E55BB00421577 /* ProfileUseCase.swift in Sources */,
				FEECD042212E40F900421577 /* URLRequest.swift in Sources */,
				FEECD050212E55CD00421577 /* ProfileNavigator.swift in Sources */,
				FE752EFC212D389C0082B096 /* TechMartFinal.xcdatamodeld in Sources */,
				FEECD035212E40F900421577 /* UITableView.swift in Sources */,
				FEECD033212E40F900421577 /* Color.swift in Sources */,
				FE752F34212D3B9C0082B096 /* Utils.swift in Sources */,
				FEECD03D212E40F900421577 /* UITextView.swift in Sources */,
				FE752F1F212D3B420082B096 /* RefreshAutoFooter.swift in Sources */,
				FEECD04C212E55B200421577 /* ProfileViewModel.swift in Sources */,
				FE752F7A212D42B40082B096 /* AppNavigator.swift in Sources */,
				FE752F85212D4ACA0082B096 /* LoginUseCase.swift in Sources */,
				FEECD01A212E409700421577 /* TimeUtils.swift in Sources */,
				FEECD03E212E40F900421577 /* Float.swift in Sources */,
				FE752F13212D3AFF0082B096 /* ErrorTracker.swift in Sources */,
				FE752FA5212DBB210082B096 /* ForgotPasswordUseCase.swift in Sources */,
				FEECD03C212E40F900421577 /* UITextField.swift in Sources */,
				C918E07D2134DFAA00F68F05 /* HomePageUseCase.swift in Sources */,
				FEECD03F212E40F900421577 /* UILabel.swift in Sources */,
				FE752F0F212D3AFF0082B096 /* ViewModelType+Loadmore.swift in Sources */,
				FEECD03B212E40F900421577 /* UIImageView.swift in Sources */,
				FEECD052212E561E00421577 /* ProfileViewController.swift in Sources */,
				FE752F49212D3C0B0082B096 /* APIOutput.swift in Sources */,
				FE752F4C212D3C0B0082B096 /* APIService.swift in Sources */,
				FE752FA3212DBAA40082B096 /* ForgotPasswordViewModel.swift in Sources */,
				C918E07B2134DF9C00F68F05 /* HomePageNavigator.swift in Sources */,
				FEECD039212E40F900421577 /* CAShapeLayer.swift in Sources */,
				FEECD013212E3FF400421577 /* UIView+.swift in Sources */,
				FE752F96212D67A40082B096 /* SignUpUseCase.swift in Sources */,
				FE752F2A212D3B780082B096 /* APIInputBase.swift in Sources */,
				FEECD036212E40F900421577 /* UICollectionView.swift in Sources */,
				FE752F4D212D3C0B0082B096 /* APIInput.swift in Sources */,
				FE752F98212D67AE0082B096 /* SignUpViewController.swift in Sources */,
				FE752F2B212D3B780082B096 /* APIServiceBase.swift in Sources */,
				FE752F94212D676B0082B096 /* SignUpNavigator.swift in Sources */,
				FE752F11212D3AFF0082B096 /* ActivityIndicator.swift in Sources */,
				FE752F32212D3B8D0082B096 /* CacheManager.swift in Sources */,
				FE752F81212D460F0082B096 /* LoginViewController.swift in Sources */,
				FEECD037212E40F900421577 /* UIButton.swift in Sources */,
				FE752F30212D3B8D0082B096 /* RxAlamofire+Multipart.swift in Sources */,
				FEECD016212E404200421577 /* Constants.swift in Sources */,
				FE752F10212D3AFF0082B096 /* BindableType.swift in Sources */,
				C918E0772134D5D600F68F05 /* HomePageViewController.swift in Sources */,
				FE752F1E212D3B420082B096 /* LoadMoreCollectionView.swift in Sources */,
				FE752F39212D3BB70082B096 /* HasID.swift in Sources */,
				FE752F53212D3C940082B096 /* UIViewController+.swift in Sources */,
				FE752FA7212DBB300082B096 /* ForgotPasswordNavigator.swift in Sources */,
				FE752F12212D3AFF0082B096 /* ViewModelType.swift in Sources */,
				FEECD061212E899B00421577 /* HomeNavigator.swift in Sources */,
				FEECD034212E40F900421577 /* NSObject.swift in Sources */,
				FE752F4B212D3C0B0082B096 /* APIError.swift in Sources */,
				FEECD018212E407C00421577 /* ColorConstant.swift in Sources */,
				FE752F92212D67610082B096 /* SignUpViewModel.swift in Sources */,
				FE752F7B212D42B40082B096 /* AppViewModel.swift in Sources */,
				FE752F31212D3B8D0082B096 /* String+Base64.swift in Sources */,
				FE752F87212D4AE40082B096 /* LoginNavigator.swift in Sources */,
				FE752F28212D3B780082B096 /* APIErrorBase.swift in Sources */,
				FE752F54212D3C940082B096 /* UIViewController+Rx.swift in Sources */,
				FEECD03A212E40F900421577 /* Array.swift in Sources */,
				FEECD02F212E40F900421577 /* Enumerable.swift in Sources */,
				FE752F83212D49A50082B096 /* LoginViewModel.swift in Sources */,
				FE752F21212D3B420082B096 /* RefreshAutoHeader.swift in Sources */,
			);
			runOnlyForDeploymentPostprocessing = 0;
		};
/* End PBXSourcesBuildPhase section */

/* Begin PBXVariantGroup section */
		FE752F68212D41AB0082B096 /* LaunchScreen.storyboard */ = {
			isa = PBXVariantGroup;
			children = (
				FE752F67212D41AB0082B096 /* en */,
				FE752F69212D41AF0082B096 /* vi */,
			);
			name = LaunchScreen.storyboard;
			sourceTree = "<group>";
		};
		FE752F6E212D420F0082B096 /* Login.storyboard */ = {
			isa = PBXVariantGroup;
			children = (
				FE752F6D212D420F0082B096 /* en */,
				FE752F6F212D42110082B096 /* vi */,
			);
			name = Login.storyboard;
			sourceTree = "<group>";
		};
		FE752F74212D42440082B096 /* Localizable.strings */ = {
			isa = PBXVariantGroup;
			children = (
				FE752F73212D42440082B096 /* en */,
				FE752F75212D42460082B096 /* vi */,
			);
			name = Localizable.strings;
			sourceTree = "<group>";
		};
		FE752F8E212D67430082B096 /* SignUpViewController.xib */ = {
			isa = PBXVariantGroup;
			children = (
				FE752F8D212D67430082B096 /* en */,
				FE752F8F212D67450082B096 /* vi */,
			);
			name = SignUpViewController.xib;
			sourceTree = "<group>";
		};
		FE752FAC212DBFBC0082B096 /* ForgotPasswordViewController.xib */ = {
			isa = PBXVariantGroup;
			children = (
				FE752FAB212DBFBC0082B096 /* en */,
				FE752FAD212DBFBE0082B096 /* vi */,
			);
			name = ForgotPasswordViewController.xib;
			sourceTree = "<group>";
		};
		FEECD049212E539B00421577 /* ProfileViewController.xib */ = {
			isa = PBXVariantGroup;
			children = (
				FEECD048212E539B00421577 /* en */,
				FEECD04A212E539D00421577 /* vi */,
			);
			name = ProfileViewController.xib;
			sourceTree = "<group>";
		};
		FEECD058212E885F00421577 /* Home.storyboard */ = {
			isa = PBXVariantGroup;
			children = (
				FEECD057212E885F00421577 /* en */,
				FEECD059212E887000421577 /* vi */,
			);
			name = Home.storyboard;
			sourceTree = "<group>";
		};
/* End PBXVariantGroup section */

/* Begin XCBuildConfiguration section */
		FE752F03212D389F0082B096 /* Debug */ = {
			isa = XCBuildConfiguration;
			buildSettings = {
				ALWAYS_SEARCH_USER_PATHS = NO;
				CLANG_ANALYZER_LOCALIZABILITY_NONLOCALIZED = YES;
				CLANG_ANALYZER_NONNULL = YES;
				CLANG_ANALYZER_NUMBER_OBJECT_CONVERSION = YES_AGGRESSIVE;
				CLANG_CXX_LANGUAGE_STANDARD = "gnu++14";
				CLANG_CXX_LIBRARY = "libc++";
				CLANG_ENABLE_MODULES = YES;
				CLANG_ENABLE_OBJC_ARC = YES;
				CLANG_ENABLE_OBJC_WEAK = YES;
				CLANG_WARN_BLOCK_CAPTURE_AUTORELEASING = YES;
				CLANG_WARN_BOOL_CONVERSION = YES;
				CLANG_WARN_COMMA = YES;
				CLANG_WARN_CONSTANT_CONVERSION = YES;
				CLANG_WARN_DEPRECATED_OBJC_IMPLEMENTATIONS = YES;
				CLANG_WARN_DIRECT_OBJC_ISA_USAGE = YES_ERROR;
				CLANG_WARN_DOCUMENTATION_COMMENTS = YES;
				CLANG_WARN_EMPTY_BODY = YES;
				CLANG_WARN_ENUM_CONVERSION = YES;
				CLANG_WARN_INFINITE_RECURSION = YES;
				CLANG_WARN_INT_CONVERSION = YES;
				CLANG_WARN_NON_LITERAL_NULL_CONVERSION = YES;
				CLANG_WARN_OBJC_IMPLICIT_RETAIN_SELF = YES;
				CLANG_WARN_OBJC_LITERAL_CONVERSION = YES;
				CLANG_WARN_OBJC_ROOT_CLASS = YES_ERROR;
				CLANG_WARN_RANGE_LOOP_ANALYSIS = YES;
				CLANG_WARN_STRICT_PROTOTYPES = YES;
				CLANG_WARN_SUSPICIOUS_MOVE = YES;
				CLANG_WARN_UNGUARDED_AVAILABILITY = YES_AGGRESSIVE;
				CLANG_WARN_UNREACHABLE_CODE = YES;
				CLANG_WARN__DUPLICATE_METHOD_MATCH = YES;
				CODE_SIGN_IDENTITY = "iPhone Developer";
				COPY_PHASE_STRIP = NO;
				DEBUG_INFORMATION_FORMAT = dwarf;
				ENABLE_STRICT_OBJC_MSGSEND = YES;
				ENABLE_TESTABILITY = YES;
				GCC_C_LANGUAGE_STANDARD = gnu11;
				GCC_DYNAMIC_NO_PIC = NO;
				GCC_NO_COMMON_BLOCKS = YES;
				GCC_OPTIMIZATION_LEVEL = 0;
				GCC_PREPROCESSOR_DEFINITIONS = (
					"DEBUG=1",
					"$(inherited)",
				);
				GCC_WARN_64_TO_32_BIT_CONVERSION = YES;
				GCC_WARN_ABOUT_RETURN_TYPE = YES_ERROR;
				GCC_WARN_UNDECLARED_SELECTOR = YES;
				GCC_WARN_UNINITIALIZED_AUTOS = YES_AGGRESSIVE;
				GCC_WARN_UNUSED_FUNCTION = YES;
				GCC_WARN_UNUSED_VARIABLE = YES;
				IPHONEOS_DEPLOYMENT_TARGET = 11.4;
				MTL_ENABLE_DEBUG_INFO = YES;
				ONLY_ACTIVE_ARCH = YES;
				SDKROOT = iphoneos;
				SWIFT_ACTIVE_COMPILATION_CONDITIONS = DEBUG;
				SWIFT_OPTIMIZATION_LEVEL = "-Onone";
			};
			name = Debug;
		};
		FE752F04212D389F0082B096 /* Release */ = {
			isa = XCBuildConfiguration;
			buildSettings = {
				ALWAYS_SEARCH_USER_PATHS = NO;
				CLANG_ANALYZER_LOCALIZABILITY_NONLOCALIZED = YES;
				CLANG_ANALYZER_NONNULL = YES;
				CLANG_ANALYZER_NUMBER_OBJECT_CONVERSION = YES_AGGRESSIVE;
				CLANG_CXX_LANGUAGE_STANDARD = "gnu++14";
				CLANG_CXX_LIBRARY = "libc++";
				CLANG_ENABLE_MODULES = YES;
				CLANG_ENABLE_OBJC_ARC = YES;
				CLANG_ENABLE_OBJC_WEAK = YES;
				CLANG_WARN_BLOCK_CAPTURE_AUTORELEASING = YES;
				CLANG_WARN_BOOL_CONVERSION = YES;
				CLANG_WARN_COMMA = YES;
				CLANG_WARN_CONSTANT_CONVERSION = YES;
				CLANG_WARN_DEPRECATED_OBJC_IMPLEMENTATIONS = YES;
				CLANG_WARN_DIRECT_OBJC_ISA_USAGE = YES_ERROR;
				CLANG_WARN_DOCUMENTATION_COMMENTS = YES;
				CLANG_WARN_EMPTY_BODY = YES;
				CLANG_WARN_ENUM_CONVERSION = YES;
				CLANG_WARN_INFINITE_RECURSION = YES;
				CLANG_WARN_INT_CONVERSION = YES;
				CLANG_WARN_NON_LITERAL_NULL_CONVERSION = YES;
				CLANG_WARN_OBJC_IMPLICIT_RETAIN_SELF = YES;
				CLANG_WARN_OBJC_LITERAL_CONVERSION = YES;
				CLANG_WARN_OBJC_ROOT_CLASS = YES_ERROR;
				CLANG_WARN_RANGE_LOOP_ANALYSIS = YES;
				CLANG_WARN_STRICT_PROTOTYPES = YES;
				CLANG_WARN_SUSPICIOUS_MOVE = YES;
				CLANG_WARN_UNGUARDED_AVAILABILITY = YES_AGGRESSIVE;
				CLANG_WARN_UNREACHABLE_CODE = YES;
				CLANG_WARN__DUPLICATE_METHOD_MATCH = YES;
				CODE_SIGN_IDENTITY = "iPhone Developer";
				COPY_PHASE_STRIP = NO;
				DEBUG_INFORMATION_FORMAT = "dwarf-with-dsym";
				ENABLE_NS_ASSERTIONS = NO;
				ENABLE_STRICT_OBJC_MSGSEND = YES;
				GCC_C_LANGUAGE_STANDARD = gnu11;
				GCC_NO_COMMON_BLOCKS = YES;
				GCC_WARN_64_TO_32_BIT_CONVERSION = YES;
				GCC_WARN_ABOUT_RETURN_TYPE = YES_ERROR;
				GCC_WARN_UNDECLARED_SELECTOR = YES;
				GCC_WARN_UNINITIALIZED_AUTOS = YES_AGGRESSIVE;
				GCC_WARN_UNUSED_FUNCTION = YES;
				GCC_WARN_UNUSED_VARIABLE = YES;
				IPHONEOS_DEPLOYMENT_TARGET = 11.4;
				MTL_ENABLE_DEBUG_INFO = NO;
				SDKROOT = iphoneos;
				SWIFT_COMPILATION_MODE = wholemodule;
				SWIFT_OPTIMIZATION_LEVEL = "-O";
				VALIDATE_PRODUCT = YES;
			};
			name = Release;
		};
		FE752F06212D389F0082B096 /* Debug */ = {
			isa = XCBuildConfiguration;
			baseConfigurationReference = 7F4575CF6E8C0103D0810FCB /* Pods-TechMartFinal.debug.xcconfig */;
			buildSettings = {
				ASSETCATALOG_COMPILER_APPICON_NAME = AppIcon;
				CODE_SIGN_STYLE = Automatic;
				DEVELOPMENT_TEAM = N537636NJJ;
				INFOPLIST_FILE = TechMartFinal/Info.plist;
				IPHONEOS_DEPLOYMENT_TARGET = 9.3;
				LD_RUNPATH_SEARCH_PATHS = (
					"$(inherited)",
					"@executable_path/Frameworks",
				);
				PRODUCT_BUNDLE_IDENTIFIER = LongVu.TechMartFinal;
				PRODUCT_NAME = "$(TARGET_NAME)";
				SWIFT_OBJC_BRIDGING_HEADER = "TechMartFinal/TechMart-Bridging-Header.h";
				SWIFT_VERSION = 4.0;
				TARGETED_DEVICE_FAMILY = 1;
			};
			name = Debug;
		};
		FE752F07212D389F0082B096 /* Release */ = {
			isa = XCBuildConfiguration;
			baseConfigurationReference = 6BDC93ED4C7AC696F0C86BA6 /* Pods-TechMartFinal.release.xcconfig */;
			buildSettings = {
				ASSETCATALOG_COMPILER_APPICON_NAME = AppIcon;
				CODE_SIGN_STYLE = Automatic;
				DEVELOPMENT_TEAM = N537636NJJ;
				INFOPLIST_FILE = TechMartFinal/Info.plist;
				IPHONEOS_DEPLOYMENT_TARGET = 9.3;
				LD_RUNPATH_SEARCH_PATHS = (
					"$(inherited)",
					"@executable_path/Frameworks",
				);
				PRODUCT_BUNDLE_IDENTIFIER = LongVu.TechMartFinal;
				PRODUCT_NAME = "$(TARGET_NAME)";
				SWIFT_OBJC_BRIDGING_HEADER = "TechMartFinal/TechMart-Bridging-Header.h";
				SWIFT_VERSION = 4.0;
				TARGETED_DEVICE_FAMILY = 1;
			};
			name = Release;
		};
/* End XCBuildConfiguration section */

/* Begin XCConfigurationList section */
		FE752EEB212D389C0082B096 /* Build configuration list for PBXProject "TechMartFinal" */ = {
			isa = XCConfigurationList;
			buildConfigurations = (
				FE752F03212D389F0082B096 /* Debug */,
				FE752F04212D389F0082B096 /* Release */,
			);
			defaultConfigurationIsVisible = 0;
			defaultConfigurationName = Release;
		};
		FE752F05212D389F0082B096 /* Build configuration list for PBXNativeTarget "TechMartFinal" */ = {
			isa = XCConfigurationList;
			buildConfigurations = (
				FE752F06212D389F0082B096 /* Debug */,
				FE752F07212D389F0082B096 /* Release */,
			);
			defaultConfigurationIsVisible = 0;
			defaultConfigurationName = Release;
		};
/* End XCConfigurationList section */

/* Begin XCVersionGroup section */
		FE752EFA212D389C0082B096 /* TechMartFinal.xcdatamodeld */ = {
			isa = XCVersionGroup;
			children = (
				FE752EFB212D389C0082B096 /* TechMartFinal.xcdatamodel */,
			);
			currentVersion = FE752EFB212D389C0082B096 /* TechMartFinal.xcdatamodel */;
			path = TechMartFinal.xcdatamodeld;
			sourceTree = "<group>";
			versionGroupType = wrapper.xcdatamodel;
		};
/* End XCVersionGroup section */
	};
	rootObject = FE752EE8212D389C0082B096 /* Project object */;
}
